
Microsoft Visual Studio Solution File, Format Version 12.00
# Visual Studio 2012
Project("{E24C65DC-7377-472B-9ABA-BC803B73C61A}") = "ScreenDesigns", ".", "{E2344C6C-341F-4320-8F1B-DF4E8C59F0B0}"
	ProjectSection(WebsiteProperties) = preProject
		TargetFrameworkMoniker = ".NETFramework,Version%3Dv4.5"
		Debug.AspNetCompiler.VirtualPath = "/ScreenDesigns"
		Debug.AspNetCompiler.PhysicalPath = "..\ScreenDesigns\"
		Debug.AspNetCompiler.TargetPath = "PrecompiledWeb\ScreenDesigns\"
		Debug.AspNetCompiler.Updateable = "true"
		Debug.AspNetCompiler.ForceOverwrite = "true"
		Debug.AspNetCompiler.FixedNames = "false"
		Debug.AspNetCompiler.Debug = "True"
		Release.AspNetCompiler.VirtualPath = "/ScreenDesigns"
		Release.AspNetCompiler.PhysicalPath = "..\ScreenDesigns\"
		Release.AspNetCompiler.TargetPath = "PrecompiledWeb\ScreenDesigns\"
		Release.AspNetCompiler.Updateable = "true"
		Release.AspNetCompiler.ForceOverwrite = "true"
		Release.AspNetCompiler.FixedNames = "false"
		Release.AspNetCompiler.Debug = "False"
		VWDPort = "11871"
	EndProjectSection
EndProject
Global
	GlobalSection(SolutionConfigurationPlatforms) = preSolution
		Debug|Any CPU = Debug|Any CPU
	EndGlobalSection
	GlobalSection(ProjectConfigurationPlatforms) = postSolution
		{E2344C6C-341F-4320-8F1B-DF4E8C59F0B0}.Debug|Any CPU.ActiveCfg = Debug|Any CPU
		{E2344C6C-341F-4320-8F1B-DF4E8C59F0B0}.Debug|Any CPU.Build.0 = Debug|Any CPU
	EndGlobalSection
	GlobalSection(SolutionProperties) = preSolution
		HideSolutionNode = FALSE
	EndGlobalSection
EndGlobal
